
Microsoft Visual Studio Solution File, Format Version 12.00
# Visual Studio 15
VisualStudioVersion = 15.0.28307.421
MinimumVisualStudioVersion = 10.0.40219.1
Project("{FAE04EC0-301F-11D3-BF4B-00C04F79EFBC}") = "ColorWeel", "ColorWeel\ColorWeel.csproj", "{F4F2236D-A625-431D-949A-8F9EC6EEBA21}"
EndProject
Global
	GlobalSection(SolutionConfigurationPlatforms) = preSolution
		Debug|Any CPU = Debug|Any CPU
		Release|Any CPU = Release|Any CPU
	EndGlobalSection
	GlobalSection(ProjectConfigurationPlatforms) = postSolution
		{F4F2236D-A625-431D-949A-8F9EC6EEBA21}.Debug|Any CPU.ActiveCfg = Debug|Any CPU
		{F4F2236D-A625-431D-949A-8F9EC6EEBA21}.Debug|Any CPU.Build.0 = Debug|Any CPU
		{F4F2236D-A625-431D-949A-8F9EC6EEBA21}.Release|Any CPU.ActiveCfg = Release|Any CPU
		{F4F2236D-A625-431D-949A-8F9EC6EEBA21}.Release|Any CPU.Build.0 = Release|Any CPU
	EndGlobalSection
	GlobalSection(SolutionProperties) = preSolution
		HideSolutionNode = FALSE
	EndGlobalSection
	GlobalSection(ExtensibilityGlobals) = postSolution
		SolutionGuid = {654F7B11-AC42-4D3B-A6A3-5A65071F23BE}
	EndGlobalSection
EndGlobal
